
Microsoft Visual Studio Solution File, Format Version 12.00
# Visual Studio 2013
VisualStudioVersion = 12.0.21005.1
MinimumVisualStudioVersion = 10.0.40219.1
Project("{FAE04EC0-301F-11D3-BF4B-00C04F79EFBC}") = "WebCrawler", "WebCrawler\WebCrawler.csproj", "{A2E1B274-4E53-4F4B-BC8C-A3B61C3E56BB}"
EndProject
Project("{FAE04EC0-301F-11D3-BF4B-00C04F79EFBC}") = "Core", "Core\Core.csproj", "{E7E65076-127D-45F0-A486-13866925F153}"
EndProject
Global
	GlobalSection(TeamFoundationVersionControl) = preSolution
		SccNumberOfProjects = 3
		SccEnterpriseProvider = {4CA58AB2-18FA-4F8D-95D4-32DDF27D184C}
		SccTeamFoundationServer = https://aashishupadhyay.visualstudio.com/defaultcollection
		SccLocalPath0 = .
		SccProjectUniqueName1 = WebCrawler\\WebCrawler.csproj
		SccProjectName1 = WebCrawler
		SccLocalPath1 = WebCrawler
		SccProjectUniqueName2 = Core\\Core.csproj
		SccProjectName2 = Core
		SccLocalPath2 = Core
	EndGlobalSection
	GlobalSection(SolutionConfigurationPlatforms) = preSolution
		Debug|Any CPU = Debug|Any CPU
		Release|Any CPU = Release|Any CPU
	EndGlobalSection
	GlobalSection(ProjectConfigurationPlatforms) = postSolution
		{A2E1B274-4E53-4F4B-BC8C-A3B61C3E56BB}.Debug|Any CPU.ActiveCfg = Debug|Any CPU
		{A2E1B274-4E53-4F4B-BC8C-A3B61C3E56BB}.Debug|Any CPU.Build.0 = Debug|Any CPU
		{A2E1B274-4E53-4F4B-BC8C-A3B61C3E56BB}.Release|Any CPU.ActiveCfg = Release|Any CPU
		{A2E1B274-4E53-4F4B-BC8C-A3B61C3E56BB}.Release|Any CPU.Build.0 = Release|Any CPU
		{E7E65076-127D-45F0-A486-13866925F153}.Debug|Any CPU.ActiveCfg = Debug|Any CPU
		{E7E65076-127D-45F0-A486-13866925F153}.Debug|Any CPU.Build.0 = Debug|Any CPU
		{E7E65076-127D-45F0-A486-13866925F153}.Release|Any CPU.ActiveCfg = Release|Any CPU
		{E7E65076-127D-45F0-A486-13866925F153}.Release|Any CPU.Build.0 = Release|Any CPU
	EndGlobalSection
	GlobalSection(SolutionProperties) = preSolution
		HideSolutionNode = FALSE
	EndGlobalSection
EndGlobal
